
Microsoft Visual Studio Solution File, Format Version 12.00
# Visual Studio 15
VisualStudioVersion = 15.0.36617.4
MinimumVisualStudioVersion = 10.0.40219.1
Project("{F184B08F-C81C-45F6-A57F-5ABD9991F28F}") = "practica 4 24537", "practica 4 24537\practica 4 24537.vbproj", "{9950EA4D-CFE2-43FA-A2DF-EB3D66E1282A}"
EndProject
Global
	GlobalSection(SolutionConfigurationPlatforms) = preSolution
		Debug|Any CPU = Debug|Any CPU
		Release|Any CPU = Release|Any CPU
	EndGlobalSection
	GlobalSection(ProjectConfigurationPlatforms) = postSolution
		{9950EA4D-CFE2-43FA-A2DF-EB3D66E1282A}.Debug|Any CPU.ActiveCfg = Debug|Any CPU
		{9950EA4D-CFE2-43FA-A2DF-EB3D66E1282A}.Debug|Any CPU.Build.0 = Debug|Any CPU
		{9950EA4D-CFE2-43FA-A2DF-EB3D66E1282A}.Release|Any CPU.ActiveCfg = Release|Any CPU
		{9950EA4D-CFE2-43FA-A2DF-EB3D66E1282A}.Release|Any CPU.Build.0 = Release|Any CPU
	EndGlobalSection
	GlobalSection(SolutionProperties) = preSolution
		HideSolutionNode = FALSE
	EndGlobalSection
	GlobalSection(ExtensibilityGlobals) = postSolution
		SolutionGuid = {9285111F-714E-400C-901A-993B5FF99375}
	EndGlobalSection
EndGlobal
